// !$*UTF8*$!
{
	archiveVersion = 1;
	classes = {
	};
	objectVersion = 50;
	objects = {

/* Begin PBXBuildFile section */
		4D12243B262BF6B3000C3C10 /* AppDelegate.swift in Sources */ = {isa = PBXBuildFile; fileRef = 4D12243A262BF6B3000C3C10 /* AppDelegate.swift */; };
		4D12243D262BF6B3000C3C10 /* SceneDelegate.swift in Sources */ = {isa = PBXBuildFile; fileRef = 4D12243C262BF6B3000C3C10 /* SceneDelegate.swift */; };
		4D12243F262BF6B3000C3C10 /* MyIngredientController.swift in Sources */ = {isa = PBXBuildFile; fileRef = 4D12243E262BF6B3000C3C10 /* MyIngredientController.swift */; };
		4D122442262BF6B3000C3C10 /* Main.storyboard in Resources */ = {isa = PBXBuildFile; fileRef = 4D122440262BF6B3000C3C10 /* Main.storyboard */; };
		4D122444262BF6B6000C3C10 /* Assets.xcassets in Resources */ = {isa = PBXBuildFile; fileRef = 4D122443262BF6B6000C3C10 /* Assets.xcassets */; };
		4D122447262BF6B6000C3C10 /* LaunchScreen.storyboard in Resources */ = {isa = PBXBuildFile; fileRef = 4D122445262BF6B6000C3C10 /* LaunchScreen.storyboard */; };
		4D122452262BF6B6000C3C10 /* MedsAppTests.swift in Sources */ = {isa = PBXBuildFile; fileRef = 4D122451262BF6B6000C3C10 /* MedsAppTests.swift */; };
		4D12245D262BF6B6000C3C10 /* MedsAppUITests.swift in Sources */ = {isa = PBXBuildFile; fileRef = 4D12245C262BF6B6000C3C10 /* MedsAppUITests.swift */; };
		4D122471262BFC68000C3C10 /* Barcode.swift in Sources */ = {isa = PBXBuildFile; fileRef = 4D122470262BFC68000C3C10 /* Barcode.swift */; };
		4D122484262C08BF000C3C10 /* MyIngredient.swift in Sources */ = {isa = PBXBuildFile; fileRef = 4D122483262C08BF000C3C10 /* MyIngredient.swift */; };
		4D181F80264533ED00294A15 /* saveProduct.swift in Sources */ = {isa = PBXBuildFile; fileRef = 4D181F7F264533ED00294A15 /* saveProduct.swift */; };
		4D32A505265FADD400724EFE /* ContainerSettingViewController.swift in Sources */ = {isa = PBXBuildFile; fileRef = 4D32A504265FADD400724EFE /* ContainerSettingViewController.swift */; };
		4D7671D4265B900A00BEADD9 /* SettingTableViewController.swift in Sources */ = {isa = PBXBuildFile; fileRef = 4D7671D3265B900A00BEADD9 /* SettingTableViewController.swift */; };
		4D7671D6265B9B6600BEADD9 /* ProfileViewController.swift in Sources */ = {isa = PBXBuildFile; fileRef = 4D7671D5265B9B6600BEADD9 /* ProfileViewController.swift */; };
		4D7671D8265B9BFB00BEADD9 /* UserHealthProfile.swift in Sources */ = {isa = PBXBuildFile; fileRef = 4D7671D7265B9BFB00BEADD9 /* UserHealthProfile.swift */; };
		4D7671DA265B9C5300BEADD9 /* ProfileDataStore.swift in Sources */ = {isa = PBXBuildFile; fileRef = 4D7671D9265B9C5300BEADD9 /* ProfileDataStore.swift */; };
		4D7671DC265BA07A00BEADD9 /* HealthkitSetupAssistant.swift in Sources */ = {isa = PBXBuildFile; fileRef = 4D7671DB265BA07A00BEADD9 /* HealthkitSetupAssistant.swift */; };
		4DB8B5D4267087FB00791D16 /* JalnanOTF.otf in Resources */ = {isa = PBXBuildFile; fileRef = 4DB8B5D3267087F800791D16 /* JalnanOTF.otf */; };
		4DB8B5D726708F3600791D16 /* BMJua-Regular.otf in Resources */ = {isa = PBXBuildFile; fileRef = 4DB8B5D626708ECE00791D16 /* BMJua-Regular.otf */; };
		4DB8B5D826708F3A00791D16 /* BMHanna11yrs-Regular.otf in Resources */ = {isa = PBXBuildFile; fileRef = 4DB8B5D526708E4100791D16 /* BMHanna11yrs-Regular.otf */; };
		4DB8B5DA2670913C00791D16 /* BMHannaAir-Regular.otf in Resources */ = {isa = PBXBuildFile; fileRef = 4DB8B5D92670913C00791D16 /* BMHannaAir-Regular.otf */; };
		4DB8B5DC2670976300791D16 /* ModifyViewController.swift in Sources */ = {isa = PBXBuildFile; fileRef = 4DB8B5DB2670976300791D16 /* ModifyViewController.swift */; };
		4DBCB97A2649421500FEF62B /* HealthKit.framework in Frameworks */ = {isa = PBXBuildFile; fileRef = 4DBCB9792649421500FEF62B /* HealthKit.framework */; };
		4DC6F97E2665408700718B17 /* ProductData.swift in Sources */ = {isa = PBXBuildFile; fileRef = 4DC6F97D2665408700718B17 /* ProductData.swift */; };
		4DC6F980266540D500718B17 /* CustomTableViewCell.swift in Sources */ = {isa = PBXBuildFile; fileRef = 4DC6F97F266540D500718B17 /* CustomTableViewCell.swift */; };
		4DC6F984266551B700718B17 /* Medsrefrigerator1 복사본.jpg in Resources */ = {isa = PBXBuildFile; fileRef = 4DC6F983266551B700718B17 /* Medsrefrigerator1 복사본.jpg */; };
		4DF3FEB526A5C74D00996F8D /* ModifyBarcodeViewController.swift in Sources */ = {isa = PBXBuildFile; fileRef = 4DF3FEB426A5C74D00996F8D /* ModifyBarcodeViewController.swift */; };
		4DF61224263A825000FD844A /* ViewController.swift in Sources */ = {isa = PBXBuildFile; fileRef = 4DF61223263A825000FD844A /* ViewController.swift */; };
/* End PBXBuildFile section */

/* Begin PBXContainerItemProxy section */
		4D12244E262BF6B6000C3C10 /* PBXContainerItemProxy */ = {
			isa = PBXContainerItemProxy;
			containerPortal = 4D12242F262BF6B3000C3C10 /* Project object */;
			proxyType = 1;
			remoteGlobalIDString = 4D122436262BF6B3000C3C10;
			remoteInfo = MedsApp;
		};
		4D122459262BF6B6000C3C10 /* PBXContainerItemProxy */ = {
			isa = PBXContainerItemProxy;
			containerPortal = 4D12242F262BF6B3000C3C10 /* Project object */;
			proxyType = 1;
			remoteGlobalIDString = 4D122436262BF6B3000C3C10;
			remoteInfo = MedsApp;
		};
/* End PBXContainerItemProxy section */

/* Begin PBXFileReference section */
		4D122437262BF6B3000C3C10 /* MedsApp.app */ = {isa = PBXFileReference; explicitFileType = wrapper.application; includeInIndex = 0; path = MedsApp.app; sourceTree = BUILT_PRODUCTS_DIR; };
		4D12243A262BF6B3000C3C10 /* AppDelegate.swift */ = {isa = PBXFileReference; lastKnownFileType = sourcecode.swift; path = AppDelegate.swift; sourceTree = "<group>"; };
		4D12243C262BF6B3000C3C10 /* SceneDelegate.swift */ = {isa = PBXFileReference; lastKnownFileType = sourcecode.swift; path = SceneDelegate.swift; sourceTree = "<group>"; };
		4D12243E262BF6B3000C3C10 /* MyIngredientController.swift */ = {isa = PBXFileReference; lastKnownFileType = sourcecode.swift; path = MyIngredientController.swift; sourceTree = "<group>"; };
		4D122441262BF6B3000C3C10 /* Base */ = {isa = PBXFileReference; lastKnownFileType = file.storyboard; name = Base; path = Base.lproj/Main.storyboard; sourceTree = "<group>"; };
		4D122443262BF6B6000C3C10 /* Assets.xcassets */ = {isa = PBXFileReference; lastKnownFileType = folder.assetcatalog; path = Assets.xcassets; sourceTree = "<group>"; };
		4D122446262BF6B6000C3C10 /* Base */ = {isa = PBXFileReference; lastKnownFileType = file.storyboard; name = Base; path = Base.lproj/LaunchScreen.storyboard; sourceTree = "<group>"; };
		4D122448262BF6B6000C3C10 /* Info.plist */ = {isa = PBXFileReference; lastKnownFileType = text.plist.xml; path = Info.plist; sourceTree = "<group>"; };
		4D12244D262BF6B6000C3C10 /* MedsAppTests.xctest */ = {isa = PBXFileReference; explicitFileType = wrapper.cfbundle; includeInIndex = 0; path = MedsAppTests.xctest; sourceTree = BUILT_PRODUCTS_DIR; };
		4D122451262BF6B6000C3C10 /* MedsAppTests.swift */ = {isa = PBXFileReference; lastKnownFileType = sourcecode.swift; path = MedsAppTests.swift; sourceTree = "<group>"; };
		4D122453262BF6B6000C3C10 /* Info.plist */ = {isa = PBXFileReference; lastKnownFileType = text.plist.xml; path = Info.plist; sourceTree = "<group>"; };
		4D122458262BF6B6000C3C10 /* MedsAppUITests.xctest */ = {isa = PBXFileReference; explicitFileType = wrapper.cfbundle; includeInIndex = 0; path = MedsAppUITests.xctest; sourceTree = BUILT_PRODUCTS_DIR; };
		4D12245C262BF6B6000C3C10 /* MedsAppUITests.swift */ = {isa = PBXFileReference; lastKnownFileType = sourcecode.swift; path = MedsAppUITests.swift; sourceTree = "<group>"; };
		4D12245E262BF6B6000C3C10 /* Info.plist */ = {isa = PBXFileReference; lastKnownFileType = text.plist.xml; path = Info.plist; sourceTree = "<group>"; };
		4D122470262BFC68000C3C10 /* Barcode.swift */ = {isa = PBXFileReference; lastKnownFileType = sourcecode.swift; path = Barcode.swift; sourceTree = "<group>"; };
		4D122483262C08BF000C3C10 /* MyIngredient.swift */ = {isa = PBXFileReference; lastKnownFileType = sourcecode.swift; path = MyIngredient.swift; sourceTree = "<group>"; };
		4D181F7F264533ED00294A15 /* saveProduct.swift */ = {isa = PBXFileReference; lastKnownFileType = sourcecode.swift; path = saveProduct.swift; sourceTree = "<group>"; };
		4D32A504265FADD400724EFE /* ContainerSettingViewController.swift */ = {isa = PBXFileReference; lastKnownFileType = sourcecode.swift; path = ContainerSettingViewController.swift; sourceTree = "<group>"; };
		4D7671D3265B900A00BEADD9 /* SettingTableViewController.swift */ = {isa = PBXFileReference; lastKnownFileType = sourcecode.swift; path = SettingTableViewController.swift; sourceTree = "<group>"; };
		4D7671D5265B9B6600BEADD9 /* ProfileViewController.swift */ = {isa = PBXFileReference; lastKnownFileType = sourcecode.swift; path = ProfileViewController.swift; sourceTree = "<group>"; };
		4D7671D7265B9BFB00BEADD9 /* UserHealthProfile.swift */ = {isa = PBXFileReference; lastKnownFileType = sourcecode.swift; path = UserHealthProfile.swift; sourceTree = "<group>"; };
		4D7671D9265B9C5300BEADD9 /* ProfileDataStore.swift */ = {isa = PBXFileReference; lastKnownFileType = sourcecode.swift; path = ProfileDataStore.swift; sourceTree = "<group>"; };
		4D7671DB265BA07A00BEADD9 /* HealthkitSetupAssistant.swift */ = {isa = PBXFileReference; lastKnownFileType = sourcecode.swift; path = HealthkitSetupAssistant.swift; sourceTree = "<group>"; };
		4DB8B5D3267087F800791D16 /* JalnanOTF.otf */ = {isa = PBXFileReference; lastKnownFileType = file; path = JalnanOTF.otf; sourceTree = "<group>"; };
		4DB8B5D526708E4100791D16 /* BMHanna11yrs-Regular.otf */ = {isa = PBXFileReference; lastKnownFileType = file; path = "BMHanna11yrs-Regular.otf"; sourceTree = "<group>"; };
		4DB8B5D626708ECE00791D16 /* BMJua-Regular.otf */ = {isa = PBXFileReference; lastKnownFileType = file; path = "BMJua-Regular.otf"; sourceTree = "<group>"; };
		4DB8B5D92670913C00791D16 /* BMHannaAir-Regular.otf */ = {isa = PBXFileReference; lastKnownFileType = file; path = "BMHannaAir-Regular.otf"; sourceTree = "<group>"; };
		4DB8B5DB2670976300791D16 /* ModifyViewController.swift */ = {isa = PBXFileReference; lastKnownFileType = sourcecode.swift; path = ModifyViewController.swift; sourceTree = "<group>"; };
		4DBCB9772649421500FEF62B /* MedsApp.entitlements */ = {isa = PBXFileReference; lastKnownFileType = text.plist.entitlements; path = MedsApp.entitlements; sourceTree = "<group>"; };
		4DBCB9792649421500FEF62B /* HealthKit.framework */ = {isa = PBXFileReference; lastKnownFileType = wrapper.framework; name = HealthKit.framework; path = System/Library/Frameworks/HealthKit.framework; sourceTree = SDKROOT; };
		4DC6F97D2665408700718B17 /* ProductData.swift */ = {isa = PBXFileReference; lastKnownFileType = sourcecode.swift; path = ProductData.swift; sourceTree = "<group>"; };
		4DC6F97F266540D500718B17 /* CustomTableViewCell.swift */ = {isa = PBXFileReference; lastKnownFileType = sourcecode.swift; path = CustomTableViewCell.swift; sourceTree = "<group>"; };
		4DC6F983266551B700718B17 /* Medsrefrigerator1 복사본.jpg */ = {isa = PBXFileReference; lastKnownFileType = image.jpeg; path = "Medsrefrigerator1 복사본.jpg"; sourceTree = "<group>"; };
		4DF3FEB426A5C74D00996F8D /* ModifyBarcodeViewController.swift */ = {isa = PBXFileReference; lastKnownFileType = sourcecode.swift; path = ModifyBarcodeViewController.swift; sourceTree = "<group>"; };
		4DF61223263A825000FD844A /* ViewController.swift */ = {isa = PBXFileReference; lastKnownFileType = sourcecode.swift; path = ViewController.swift; sourceTree = "<group>"; };
/* End PBXFileReference section */

/* Begin PBXFrameworksBuildPhase section */
		4D122434262BF6B3000C3C10 /* Frameworks */ = {
			isa = PBXFrameworksBuildPhase;
			buildActionMask = 2147483647;
			files = (
				4DBCB97A2649421500FEF62B /* HealthKit.framework in Frameworks */,
			);
			runOnlyForDeploymentPostprocessing = 0;
		};
		4D12244A262BF6B6000C3C10 /* Frameworks */ = {
			isa = PBXFrameworksBuildPhase;
			buildActionMask = 2147483647;
			files = (
			);
			runOnlyForDeploymentPostprocessing = 0;
		};
		4D122455262BF6B6000C3C10 /* Frameworks */ = {
			isa = PBXFrameworksBuildPhase;
			buildActionMask = 2147483647;
			files = (
			);
			runOnlyForDeploymentPostprocessing = 0;
		};
/* End PBXFrameworksBuildPhase section */

/* Begin PBXGroup section */
		4D12242E262BF6B3000C3C10 = {
			isa = PBXGroup;
			children = (
				4D122439262BF6B3000C3C10 /* MedsApp */,
				4D122450262BF6B6000C3C10 /* MedsAppTests */,
				4D12245B262BF6B6000C3C10 /* MedsAppUITests */,
				4D122438262BF6B3000C3C10 /* Products */,
				4DBCB9782649421500FEF62B /* Frameworks */,
			);
			sourceTree = "<group>";
		};
		4D122438262BF6B3000C3C10 /* Products */ = {
			isa = PBXGroup;
			children = (
				4D122437262BF6B3000C3C10 /* MedsApp.app */,
				4D12244D262BF6B6000C3C10 /* MedsAppTests.xctest */,
				4D122458262BF6B6000C3C10 /* MedsAppUITests.xctest */,
			);
			name = Products;
			sourceTree = "<group>";
		};
		4D122439262BF6B3000C3C10 /* MedsApp */ = {
			isa = PBXGroup;
			children = (
				4DB8B5D626708ECE00791D16 /* BMJua-Regular.otf */,
				4DB8B5D3267087F800791D16 /* JalnanOTF.otf */,
				4DB8B5D526708E4100791D16 /* BMHanna11yrs-Regular.otf */,
				4DC6F983266551B700718B17 /* Medsrefrigerator1 복사본.jpg */,
				4DB8B5D92670913C00791D16 /* BMHannaAir-Regular.otf */,
				4DBCB9772649421500FEF62B /* MedsApp.entitlements */,
				4D12243A262BF6B3000C3C10 /* AppDelegate.swift */,
				4D12243C262BF6B3000C3C10 /* SceneDelegate.swift */,
				4D122440262BF6B3000C3C10 /* Main.storyboard */,
				4DF61223263A825000FD844A /* ViewController.swift */,
				4D32A503265F9FEF00724EFE /* HealthKit */,
				4D7B219D266C8A8600D4938F /* ingredient */,
				4D7B219E266C8D6800D4938F /* barcode */,
				4D7B219F266C8D8C00D4938F /* setting */,
				4D122443262BF6B6000C3C10 /* Assets.xcassets */,
				4D122445262BF6B6000C3C10 /* LaunchScreen.storyboard */,
				4D122448262BF6B6000C3C10 /* Info.plist */,
			);
			path = MedsApp;
			sourceTree = "<group>";
		};
		4D122450262BF6B6000C3C10 /* MedsAppTests */ = {
			isa = PBXGroup;
			children = (
				4D122451262BF6B6000C3C10 /* MedsAppTests.swift */,
				4D122453262BF6B6000C3C10 /* Info.plist */,
			);
			path = MedsAppTests;
			sourceTree = "<group>";
		};
		4D12245B262BF6B6000C3C10 /* MedsAppUITests */ = {
			isa = PBXGroup;
			children = (
				4D12245C262BF6B6000C3C10 /* MedsAppUITests.swift */,
				4D12245E262BF6B6000C3C10 /* Info.plist */,
			);
			path = MedsAppUITests;
			sourceTree = "<group>";
		};
		4D32A503265F9FEF00724EFE /* HealthKit */ = {
			isa = PBXGroup;
			children = (
				4D7671DB265BA07A00BEADD9 /* HealthkitSetupAssistant.swift */,
				4D7671D5265B9B6600BEADD9 /* ProfileViewController.swift */,
				4D7671D9265B9C5300BEADD9 /* ProfileDataStore.swift */,
				4D7671D7265B9BFB00BEADD9 /* UserHealthProfile.swift */,
			);
			path = HealthKit;
			sourceTree = "<group>";
		};
		4D7B219D266C8A8600D4938F /* ingredient */ = {
			isa = PBXGroup;
			children = (
				4D12243E262BF6B3000C3C10 /* MyIngredientController.swift */,
				4DC6F97D2665408700718B17 /* ProductData.swift */,
				4D122483262C08BF000C3C10 /* MyIngredient.swift */,
				4DC6F97F266540D500718B17 /* CustomTableViewCell.swift */,
				4DB8B5DB2670976300791D16 /* ModifyViewController.swift */,
			);
			path = ingredient;
			sourceTree = "<group>";
		};
		4D7B219E266C8D6800D4938F /* barcode */ = {
			isa = PBXGroup;
			children = (
				4D122470262BFC68000C3C10 /* Barcode.swift */,
				4D181F7F264533ED00294A15 /* saveProduct.swift */,
				4DF3FEB426A5C74D00996F8D /* ModifyBarcodeViewController.swift */,
			);
			path = barcode;
			sourceTree = "<group>";
		};
		4D7B219F266C8D8C00D4938F /* setting */ = {
			isa = PBXGroup;
			children = (
				4D32A504265FADD400724EFE /* ContainerSettingViewController.swift */,
				4D7671D3265B900A00BEADD9 /* SettingTableViewController.swift */,
			);
			path = setting;
			sourceTree = "<group>";
		};
		4DBCB9782649421500FEF62B /* Frameworks */ = {
			isa = PBXGroup;
			children = (
				4DBCB9792649421500FEF62B /* HealthKit.framework */,
			);
			name = Frameworks;
			sourceTree = "<group>";
		};
/* End PBXGroup section */

/* Begin PBXNativeTarget section */
		4D122436262BF6B3000C3C10 /* MedsApp */ = {
			isa = PBXNativeTarget;
			buildConfigurationList = 4D122461262BF6B6000C3C10 /* Build configuration list for PBXNativeTarget "MedsApp" */;
			buildPhases = (
				4D122433262BF6B3000C3C10 /* Sources */,
				4D122434262BF6B3000C3C10 /* Frameworks */,
				4D122435262BF6B3000C3C10 /* Resources */,
			);
			buildRules = (
			);
			dependencies = (
			);
			name = MedsApp;
			productName = MedsApp;
			productReference = 4D122437262BF6B3000C3C10 /* MedsApp.app */;
			productType = "com.apple.product-type.application";
		};
		4D12244C262BF6B6000C3C10 /* MedsAppTests */ = {
			isa = PBXNativeTarget;
			buildConfigurationList = 4D122464262BF6B6000C3C10 /* Build configuration list for PBXNativeTarget "MedsAppTests" */;
			buildPhases = (
				4D122449262BF6B6000C3C10 /* Sources */,
				4D12244A262BF6B6000C3C10 /* Frameworks */,
				4D12244B262BF6B6000C3C10 /* Resources */,
			);
			buildRules = (
			);
			dependencies = (
				4D12244F262BF6B6000C3C10 /* PBXTargetDependency */,
			);
			name = MedsAppTests;
			productName = MedsAppTests;
			productReference = 4D12244D262BF6B6000C3C10 /* MedsAppTests.xctest */;
			productType = "com.apple.product-type.bundle.unit-test";
		};
		4D122457262BF6B6000C3C10 /* MedsAppUITests */ = {
			isa = PBXNativeTarget;
			buildConfigurationList = 4D122467262BF6B6000C3C10 /* Build configuration list for PBXNativeTarget "MedsAppUITests" */;
			buildPhases = (
				4D122454262BF6B6000C3C10 /* Sources */,
				4D122455262BF6B6000C3C10 /* Frameworks */,
				4D122456262BF6B6000C3C10 /* Resources */,
			);
			buildRules = (
			);
			dependencies = (
				4D12245A262BF6B6000C3C10 /* PBXTargetDependency */,
			);
			name = MedsAppUITests;
			productName = MedsAppUITests;
			productReference = 4D122458262BF6B6000C3C10 /* MedsAppUITests.xctest */;
			productType = "com.apple.product-type.bundle.ui-testing";
		};
/* End PBXNativeTarget section */

/* Begin PBXProject section */
		4D12242F262BF6B3000C3C10 /* Project object */ = {
			isa = PBXProject;
			attributes = {
				LastSwiftUpdateCheck = 1240;
				LastUpgradeCheck = 1240;
				TargetAttributes = {
					4D122436262BF6B3000C3C10 = {
						CreatedOnToolsVersion = 12.4;
					};
					4D12244C262BF6B6000C3C10 = {
						CreatedOnToolsVersion = 12.4;
						TestTargetID = 4D122436262BF6B3000C3C10;
					};
					4D122457262BF6B6000C3C10 = {
						CreatedOnToolsVersion = 12.4;
						TestTargetID = 4D122436262BF6B3000C3C10;
					};
				};
			};
			buildConfigurationList = 4D122432262BF6B3000C3C10 /* Build configuration list for PBXProject "MedsApp" */;
			compatibilityVersion = "Xcode 9.3";
			developmentRegion = en;
			hasScannedForEncodings = 0;
			knownRegions = (
				en,
				Base,
			);
			mainGroup = 4D12242E262BF6B3000C3C10;
			productRefGroup = 4D122438262BF6B3000C3C10 /* Products */;
			projectDirPath = "";
			projectRoot = "";
			targets = (
				4D122436262BF6B3000C3C10 /* MedsApp */,
				4D12244C262BF6B6000C3C10 /* MedsAppTests */,
				4D122457262BF6B6000C3C10 /* MedsAppUITests */,
			);
		};
/* End PBXProject section */

/* Begin PBXResourcesBuildPhase section */
		4D122435262BF6B3000C3C10 /* Resources */ = {
			isa = PBXResourcesBuildPhase;
			buildActionMask = 2147483647;
			files = (
				4DC6F984266551B700718B17 /* Medsrefrigerator1 복사본.jpg in Resources */,
				4D122447262BF6B6000C3C10 /* LaunchScreen.storyboard in Resources */,
				4DB8B5D826708F3A00791D16 /* BMHanna11yrs-Regular.otf in Resources */,
				4DB8B5D4267087FB00791D16 /* JalnanOTF.otf in Resources */,
				4D122444262BF6B6000C3C10 /* Assets.xcassets in Resources */,
				4DB8B5DA2670913C00791D16 /* BMHannaAir-Regular.otf in Resources */,
				4DB8B5D726708F3600791D16 /* BMJua-Regular.otf in Resources */,
				4D122442262BF6B3000C3C10 /* Main.storyboard in Resources */,
			);
			runOnlyForDeploymentPostprocessing = 0;
		};
		4D12244B262BF6B6000C3C10 /* Resources */ = {
			isa = PBXResourcesBuildPhase;
			buildActionMask = 2147483647;
			files = (
			);
			runOnlyForDeploymentPostprocessing = 0;
		};
		4D122456262BF6B6000C3C10 /* Resources */ = {
			isa = PBXResourcesBuildPhase;
			buildActionMask = 2147483647;
			files = (
			);
			runOnlyForDeploymentPostprocessing = 0;
		};
/* End PBXResourcesBuildPhase section */

/* Begin PBXSourcesBuildPhase section */
		4D122433262BF6B3000C3C10 /* Sources */ = {
			isa = PBXSourcesBuildPhase;
			buildActionMask = 2147483647;
			files = (
				4D7671D4265B900A00BEADD9 /* SettingTableViewController.swift in Sources */,
				4DC6F97E2665408700718B17 /* ProductData.swift in Sources */,
				4DF3FEB526A5C74D00996F8D /* ModifyBarcodeViewController.swift in Sources */,
				4D7671DC265BA07A00BEADD9 /* HealthkitSetupAssistant.swift in Sources */,
				4DF61224263A825000FD844A /* ViewController.swift in Sources */,
				4D12243F262BF6B3000C3C10 /* MyIngredientController.swift in Sources */,
				4D32A505265FADD400724EFE /* ContainerSettingViewController.swift in Sources */,
				4DC6F980266540D500718B17 /* CustomTableViewCell.swift in Sources */,
				4D181F80264533ED00294A15 /* saveProduct.swift in Sources */,
				4D7671D8265B9BFB00BEADD9 /* UserHealthProfile.swift in Sources */,
				4D12243B262BF6B3000C3C10 /* AppDelegate.swift in Sources */,
				4D122484262C08BF000C3C10 /* MyIngredient.swift in Sources */,
				4D7671D6265B9B6600BEADD9 /* ProfileViewController.swift in Sources */,
				4DB8B5DC2670976300791D16 /* ModifyViewController.swift in Sources */,
				4D122471262BFC68000C3C10 /* Barcode.swift in Sources */,
				4D12243D262BF6B3000C3C10 /* SceneDelegate.swift in Sources */,
				4D7671DA265B9C5300BEADD9 /* ProfileDataStore.swift in Sources */,
			);
			runOnlyForDeploymentPostprocessing = 0;
		};
		4D122449262BF6B6000C3C10 /* Sources */ = {
			isa = PBXSourcesBuildPhase;
			buildActionMask = 2147483647;
			files = (
				4D122452262BF6B6000C3C10 /* MedsAppTests.swift in Sources */,
			);
			runOnlyForDeploymentPostprocessing = 0;
		};
		4D122454262BF6B6000C3C10 /* Sources */ = {
			isa = PBXSourcesBuildPhase;
			buildActionMask = 2147483647;
			files = (
				4D12245D262BF6B6000C3C10 /* MedsAppUITests.swift in Sources */,
			);
			runOnlyForDeploymentPostprocessing = 0;
		};
/* End PBXSourcesBuildPhase section */

/* Begin PBXTargetDependency section */
		4D12244F262BF6B6000C3C10 /* PBXTargetDependency */ = {
			isa = PBXTargetDependency;
			target = 4D122436262BF6B3000C3C10 /* MedsApp */;
			targetProxy = 4D12244E262BF6B6000C3C10 /* PBXContainerItemProxy */;
		};
		4D12245A262BF6B6000C3C10 /* PBXTargetDependency */ = {
			isa = PBXTargetDependency;
			target = 4D122436262BF6B3000C3C10 /* MedsApp */;
			targetProxy = 4D122459262BF6B6000C3C10 /* PBXContainerItemProxy */;
		};
/* End PBXTargetDependency section */

/* Begin PBXVariantGroup section */
		4D122440262BF6B3000C3C10 /* Main.storyboard */ = {
			isa = PBXVariantGroup;
			children = (
				4D122441262BF6B3000C3C10 /* Base */,
			);
			name = Main.storyboard;
			sourceTree = "<group>";
		};
		4D122445262BF6B6000C3C10 /* LaunchScreen.storyboard */ = {
			isa = PBXVariantGroup;
			children = (
				4D122446262BF6B6000C3C10 /* Base */,
			);
			name = LaunchScreen.storyboard;
			sourceTree = "<group>";
		};
/* End PBXVariantGroup section */

/* Begin XCBuildConfiguration section */
		4D12245F262BF6B6000C3C10 /* Debug */ = {
			isa = XCBuildConfiguration;
			buildSettings = {
				ALWAYS_SEARCH_USER_PATHS = NO;
				CLANG_ANALYZER_NONNULL = YES;
				CLANG_ANALYZER_NUMBER_OBJECT_CONVERSION = YES_AGGRESSIVE;
				CLANG_CXX_LANGUAGE_STANDARD = "gnu++14";
				CLANG_CXX_LIBRARY = "libc++";
				CLANG_ENABLE_MODULES = YES;
				CLANG_ENABLE_OBJC_ARC = YES;
				CLANG_ENABLE_OBJC_WEAK = YES;
				CLANG_WARN_BLOCK_CAPTURE_AUTORELEASING = YES;
				CLANG_WARN_BOOL_CONVERSION = YES;
				CLANG_WARN_COMMA = YES;
				CLANG_WARN_CONSTANT_CONVERSION = YES;
				CLANG_WARN_DEPRECATED_OBJC_IMPLEMENTATIONS = YES;
				CLANG_WARN_DIRECT_OBJC_ISA_USAGE = YES_ERROR;
				CLANG_WARN_DOCUMENTATION_COMMENTS = YES;
				CLANG_WARN_EMPTY_BODY = YES;
				CLANG_WARN_ENUM_CONVERSION = YES;
				CLANG_WARN_INFINITE_RECURSION = YES;
				CLANG_WARN_INT_CONVERSION = YES;
				CLANG_WARN_NON_LITERAL_NULL_CONVERSION = YES;
				CLANG_WARN_OBJC_IMPLICIT_RETAIN_SELF = YES;
				CLANG_WARN_OBJC_LITERAL_CONVERSION = YES;
				CLANG_WARN_OBJC_ROOT_CLASS = YES_ERROR;
				CLANG_WARN_QUOTED_INCLUDE_IN_FRAMEWORK_HEADER = YES;
				CLANG_WARN_RANGE_LOOP_ANALYSIS = YES;
				CLANG_WARN_STRICT_PROTOTYPES = YES;
				CLANG_WARN_SUSPICIOUS_MOVE = YES;
				CLANG_WARN_UNGUARDED_AVAILABILITY = YES_AGGRESSIVE;
				CLANG_WARN_UNREACHABLE_CODE = YES;
				CLANG_WARN__DUPLICATE_METHOD_MATCH = YES;
				COPY_PHASE_STRIP = NO;
				DEBUG_INFORMATION_FORMAT = dwarf;
				ENABLE_STRICT_OBJC_MSGSEND = YES;
				ENABLE_TESTABILITY = YES;
				GCC_C_LANGUAGE_STANDARD = gnu11;
				GCC_DYNAMIC_NO_PIC = NO;
				GCC_NO_COMMON_BLOCKS = YES;
				GCC_OPTIMIZATION_LEVEL = 0;
				GCC_PREPROCESSOR_DEFINITIONS = (
					"DEBUG=1",
					"$(inherited)",
				);
				GCC_WARN_64_TO_32_BIT_CONVERSION = YES;
				GCC_WARN_ABOUT_RETURN_TYPE = YES_ERROR;
				GCC_WARN_UNDECLARED_SELECTOR = YES;
				GCC_WARN_UNINITIALIZED_AUTOS = YES_AGGRESSIVE;
				GCC_WARN_UNUSED_FUNCTION = YES;
				GCC_WARN_UNUSED_VARIABLE = YES;
				IPHONEOS_DEPLOYMENT_TARGET = 14.3;
				MTL_ENABLE_DEBUG_INFO = INCLUDE_SOURCE;
				MTL_FAST_MATH = YES;
				ONLY_ACTIVE_ARCH = YES;
				SDKROOT = iphoneos;
				SWIFT_ACTIVE_COMPILATION_CONDITIONS = DEBUG;
				SWIFT_OPTIMIZATION_LEVEL = "-Onone";
			};
			name = Debug;
		};
		4D122460262BF6B6000C3C10 /* Release */ = {
			isa = XCBuildConfiguration;
			buildSettings = {
				ALWAYS_SEARCH_USER_PATHS = NO;
				CLANG_ANALYZER_NONNULL = YES;
				CLANG_ANALYZER_NUMBER_OBJECT_CONVERSION = YES_AGGRESSIVE;
				CLANG_CXX_LANGUAGE_STANDARD = "gnu++14";
				CLANG_CXX_LIBRARY = "libc++";
				CLANG_ENABLE_MODULES = YES;
				CLANG_ENABLE_OBJC_ARC = YES;
				CLANG_ENABLE_OBJC_WEAK = YES;
				CLANG_WARN_BLOCK_CAPTURE_AUTORELEASING = YES;
				CLANG_WARN_BOOL_CONVERSION = YES;
				CLANG_WARN_COMMA = YES;
				CLANG_WARN_CONSTANT_CONVERSION = YES;
				CLANG_WARN_DEPRECATED_OBJC_IMPLEMENTATIONS = YES;
				CLANG_WARN_DIRECT_OBJC_ISA_USAGE = YES_ERROR;
				CLANG_WARN_DOCUMENTATION_COMMENTS = YES;
				CLANG_WARN_EMPTY_BODY = YES;
				CLANG_WARN_ENUM_CONVERSION = YES;
				CLANG_WARN_INFINITE_RECURSION = YES;
				CLANG_WARN_INT_CONVERSION = YES;
				CLANG_WARN_NON_LITERAL_NULL_CONVERSION = YES;
				CLANG_WARN_OBJC_IMPLICIT_RETAIN_SELF = YES;
				CLANG_WARN_OBJC_LITERAL_CONVERSION = YES;
				CLANG_WARN_OBJC_ROOT_CLASS = YES_ERROR;
				CLANG_WARN_QUOTED_INCLUDE_IN_FRAMEWORK_HEADER = YES;
				CLANG_WARN_RANGE_LOOP_ANALYSIS = YES;
				CLANG_WARN_STRICT_PROTOTYPES = YES;
				CLANG_WARN_SUSPICIOUS_MOVE = YES;
				CLANG_WARN_UNGUARDED_AVAILABILITY = YES_AGGRESSIVE;
				CLANG_WARN_UNREACHABLE_CODE = YES;
				CLANG_WARN__DUPLICATE_METHOD_MATCH = YES;
				COPY_PHASE_STRIP = NO;
				DEBUG_INFORMATION_FORMAT = "dwarf-with-dsym";
				ENABLE_NS_ASSERTIONS = NO;
				ENABLE_STRICT_OBJC_MSGSEND = YES;
				GCC_C_LANGUAGE_STANDARD = gnu11;
				GCC_NO_COMMON_BLOCKS = YES;
				GCC_WARN_64_TO_32_BIT_CONVERSION = YES;
				GCC_WARN_ABOUT_RETURN_TYPE = YES_ERROR;
				GCC_WARN_UNDECLARED_SELECTOR = YES;
				GCC_WARN_UNINITIALIZED_AUTOS = YES_AGGRESSIVE;
				GCC_WARN_UNUSED_FUNCTION = YES;
				GCC_WARN_UNUSED_VARIABLE = YES;
				IPHONEOS_DEPLOYMENT_TARGET = 14.3;
				MTL_ENABLE_DEBUG_INFO = NO;
				MTL_FAST_MATH = YES;
				SDKROOT = iphoneos;
				SWIFT_COMPILATION_MODE = wholemodule;
				SWIFT_OPTIMIZATION_LEVEL = "-O";
				VALIDATE_PRODUCT = YES;
			};
			name = Release;
		};
		4D122462262BF6B6000C3C10 /* Debug */ = {
			isa = XCBuildConfiguration;
			buildSettings = {
				ASSETCATALOG_COMPILER_APPICON_NAME = AppIcon;
				ASSETCATALOG_COMPILER_GLOBAL_ACCENT_COLOR_NAME = AccentColor;
				CODE_SIGN_ENTITLEMENTS = MedsApp/MedsApp.entitlements;
				CODE_SIGN_STYLE = Automatic;
				DEVELOPMENT_TEAM = 4QG3GC35LA;
				INFOPLIST_FILE = MedsApp/Info.plist;
				LD_RUNPATH_SEARCH_PATHS = (
					"$(inherited)",
					"@executable_path/Frameworks",
				);
				PRODUCT_BUNDLE_IDENTIFIER = com.codershigh.MedsApp;
				PRODUCT_NAME = "$(TARGET_NAME)";
				SWIFT_VERSION = 5.0;
				TARGETED_DEVICE_FAMILY = 1;
			};
			name = Debug;
		};
		4D122463262BF6B6000C3C10 /* Release */ = {
			isa = XCBuildConfiguration;
			buildSettings = {
				ASSETCATALOG_COMPILER_APPICON_NAME = AppIcon;
				ASSETCATALOG_COMPILER_GLOBAL_ACCENT_COLOR_NAME = AccentColor;
				CODE_SIGN_ENTITLEMENTS = MedsApp/MedsApp.entitlements;
				CODE_SIGN_STYLE = Automatic;
				DEVELOPMENT_TEAM = 4QG3GC35LA;
				INFOPLIST_FILE = MedsApp/Info.plist;
				LD_RUNPATH_SEARCH_PATHS = (
					"$(inherited)",
					"@executable_path/Frameworks",
				);
				PRODUCT_BUNDLE_IDENTIFIER = com.codershigh.MedsApp;
				PRODUCT_NAME = "$(TARGET_NAME)";
				SWIFT_VERSION = 5.0;
				TARGETED_DEVICE_FAMILY = 1;
			};
			name = Release;
		};
		4D122465262BF6B6000C3C10 /* Debug */ = {
			isa = XCBuildConfiguration;
			buildSettings = {
				ALWAYS_EMBED_SWIFT_STANDARD_LIBRARIES = YES;
				BUNDLE_LOADER = "$(TEST_HOST)";
				CODE_SIGN_STYLE = Automatic;
				INFOPLIST_FILE = MedsAppTests/Info.plist;
				IPHONEOS_DEPLOYMENT_TARGET = 14.4;
				LD_RUNPATH_SEARCH_PATHS = (
					"$(inherited)",
					"@executable_path/Frameworks",
					"@loader_path/Frameworks",
				);
				PRODUCT_BUNDLE_IDENTIFIER = work.MedsAppTests;
				PRODUCT_NAME = "$(TARGET_NAME)";
				SWIFT_VERSION = 5.0;
				TARGETED_DEVICE_FAMILY = "1,2";
				TEST_HOST = "$(BUILT_PRODUCTS_DIR)/MedsApp.app/MedsApp";
			};
			name = Debug;
		};
		4D122466262BF6B6000C3C10 /* Release */ = {
			isa = XCBuildConfiguration;
			buildSettings = {
				ALWAYS_EMBED_SWIFT_STANDARD_LIBRARIES = YES;
				BUNDLE_LOADER = "$(TEST_HOST)";
				CODE_SIGN_STYLE = Automatic;
				INFOPLIST_FILE = MedsAppTests/Info.plist;
				IPHONEOS_DEPLOYMENT_TARGET = 14.4;
				LD_RUNPATH_SEARCH_PATHS = (
					"$(inherited)",
					"@executable_path/Frameworks",
					"@loader_path/Frameworks",
				);
				PRODUCT_BUNDLE_IDENTIFIER = work.MedsAppTests;
				PRODUCT_NAME = "$(TARGET_NAME)";
				SWIFT_VERSION = 5.0;
				TARGETED_DEVICE_FAMILY = "1,2";
				TEST_HOST = "$(BUILT_PRODUCTS_DIR)/MedsApp.app/MedsApp";
			};
			name = Release;
		};
		4D122468262BF6B6000C3C10 /* Debug */ = {
			isa = XCBuildConfiguration;
			buildSettings = {
				ALWAYS_EMBED_SWIFT_STANDARD_LIBRARIES = YES;
				CODE_SIGN_STYLE = Automatic;
				INFOPLIST_FILE = MedsAppUITests/Info.plist;
				LD_RUNPATH_SEARCH_PATHS = (
					"$(inherited)",
					"@executable_path/Frameworks",
					"@loader_path/Frameworks",
				);
				PRODUCT_BUNDLE_IDENTIFIER = work.MedsAppUITests;
				PRODUCT_NAME = "$(TARGET_NAME)";
				SWIFT_VERSION = 5.0;
				TARGETED_DEVICE_FAMILY = "1,2";
				TEST_TARGET_NAME = MedsApp;
			};
			name = Debug;
		};
		4D122469262BF6B6000C3C10 /* Release */ = {
			isa = XCBuildConfiguration;
			buildSettings = {
				ALWAYS_EMBED_SWIFT_STANDARD_LIBRARIES = YES;
				CODE_SIGN_STYLE = Automatic;
				INFOPLIST_FILE = MedsAppUITests/Info.plist;
				LD_RUNPATH_SEARCH_PATHS = (
					"$(inherited)",
					"@executable_path/Frameworks",
					"@loader_path/Frameworks",
				);
				PRODUCT_BUNDLE_IDENTIFIER = work.MedsAppUITests;
				PRODUCT_NAME = "$(TARGET_NAME)";
				SWIFT_VERSION = 5.0;
				TARGETED_DEVICE_FAMILY = "1,2";
				TEST_TARGET_NAME = MedsApp;
			};
			name = Release;
		};
/* End XCBuildConfiguration section */

/* Begin XCConfigurationList section */
		4D122432262BF6B3000C3C10 /* Build configuration list for PBXProject "MedsApp" */ = {
			isa = XCConfigurationList;
			buildConfigurations = (
				4D12245F262BF6B6000C3C10 /* Debug */,
				4D122460262BF6B6000C3C10 /* Release */,
			);
			defaultConfigurationIsVisible = 0;
			defaultConfigurationName = Release;
		};
		4D122461262BF6B6000C3C10 /* Build configuration list for PBXNativeTarget "MedsApp" */ = {
			isa = XCConfigurationList;
			buildConfigurations = (
				4D122462262BF6B6000C3C10 /* Debug */,
				4D122463262BF6B6000C3C10 /* Release */,
			);
			defaultConfigurationIsVisible = 0;
			defaultConfigurationName = Release;
		};
		4D122464262BF6B6000C3C10 /* Build configuration list for PBXNativeTarget "MedsAppTests" */ = {
			isa = XCConfigurationList;
			buildConfigurations = (
				4D122465262BF6B6000C3C10 /* Debug */,
				4D122466262BF6B6000C3C10 /* Release */,
			);
			defaultConfigurationIsVisible = 0;
			defaultConfigurationName = Release;
		};
		4D122467262BF6B6000C3C10 /* Build configuration list for PBXNativeTarget "MedsAppUITests" */ = {
			isa = XCConfigurationList;
			buildConfigurations = (
				4D122468262BF6B6000C3C10 /* Debug */,
				4D122469262BF6B6000C3C10 /* Release */,
			);
			defaultConfigurationIsVisible = 0;
			defaultConfigurationName = Release;
		};
/* End XCConfigurationList section */
	};
	rootObject = 4D12242F262BF6B3000C3C10 /* Project object */;
}
