// !$*UTF8*$!
{
	archiveVersion = 1;
	classes = {
	};
	objectVersion = 50;
	objects = {

/* Begin PBXBuildFile section */
		4D76BBDC261EFF9000DBA561 /* MedsAppApp.swift in Sources */ = {isa = PBXBuildFile; fileRef = 4D76BBDB261EFF9000DBA561 /* MedsAppApp.swift */; };
		4D76BBDE261EFF9000DBA561 /* ContentView.swift in Sources */ = {isa = PBXBuildFile; fileRef = 4D76BBDD261EFF9000DBA561 /* ContentView.swift */; };
		4D76BBE0261EFF9300DBA561 /* Assets.xcassets in Resources */ = {isa = PBXBuildFile; fileRef = 4D76BBDF261EFF9300DBA561 /* Assets.xcassets */; };
		4D76BBE3261EFF9300DBA561 /* Preview Assets.xcassets in Resources */ = {isa = PBXBuildFile; fileRef = 4D76BBE2261EFF9300DBA561 /* Preview Assets.xcassets */; };
		4D76BBEE261EFF9300DBA561 /* MedsAppTests.swift in Sources */ = {isa = PBXBuildFile; fileRef = 4D76BBED261EFF9300DBA561 /* MedsAppTests.swift */; };
		4D76BBF9261EFF9400DBA561 /* MedsAppUITests.swift in Sources */ = {isa = PBXBuildFile; fileRef = 4D76BBF8261EFF9400DBA561 /* MedsAppUITests.swift */; };
/* End PBXBuildFile section */

/* Begin PBXContainerItemProxy section */
		4D76BBEA261EFF9300DBA561 /* PBXContainerItemProxy */ = {
			isa = PBXContainerItemProxy;
			containerPortal = 4D76BBD0261EFF9000DBA561 /* Project object */;
			proxyType = 1;
			remoteGlobalIDString = 4D76BBD7261EFF9000DBA561;
			remoteInfo = MedsApp;
		};
		4D76BBF5261EFF9400DBA561 /* PBXContainerItemProxy */ = {
			isa = PBXContainerItemProxy;
			containerPortal = 4D76BBD0261EFF9000DBA561 /* Project object */;
			proxyType = 1;
			remoteGlobalIDString = 4D76BBD7261EFF9000DBA561;
			remoteInfo = MedsApp;
		};
/* End PBXContainerItemProxy section */

/* Begin PBXFileReference section */
		4D76BBD8261EFF9000DBA561 /* MedsApp.app */ = {isa = PBXFileReference; explicitFileType = wrapper.application; includeInIndex = 0; path = MedsApp.app; sourceTree = BUILT_PRODUCTS_DIR; };
		4D76BBDB261EFF9000DBA561 /* MedsAppApp.swift */ = {isa = PBXFileReference; lastKnownFileType = sourcecode.swift; path = MedsAppApp.swift; sourceTree = "<group>"; };
		4D76BBDD261EFF9000DBA561 /* ContentView.swift */ = {isa = PBXFileReference; lastKnownFileType = sourcecode.swift; path = ContentView.swift; sourceTree = "<group>"; };
		4D76BBDF261EFF9300DBA561 /* Assets.xcassets */ = {isa = PBXFileReference; lastKnownFileType = folder.assetcatalog; path = Assets.xcassets; sourceTree = "<group>"; };
		4D76BBE2261EFF9300DBA561 /* Preview Assets.xcassets */ = {isa = PBXFileReference; lastKnownFileType = folder.assetcatalog; path = "Preview Assets.xcassets"; sourceTree = "<group>"; };
		4D76BBE4261EFF9300DBA561 /* Info.plist */ = {isa = PBXFileReference; lastKnownFileType = text.plist.xml; path = Info.plist; sourceTree = "<group>"; };
		4D76BBE9261EFF9300DBA561 /* MedsAppTests.xctest */ = {isa = PBXFileReference; explicitFileType = wrapper.cfbundle; includeInIndex = 0; path = MedsAppTests.xctest; sourceTree = BUILT_PRODUCTS_DIR; };
		4D76BBED261EFF9300DBA561 /* MedsAppTests.swift */ = {isa = PBXFileReference; lastKnownFileType = sourcecode.swift; path = MedsAppTests.swift; sourceTree = "<group>"; };
		4D76BBEF261EFF9300DBA561 /* Info.plist */ = {isa = PBXFileReference; lastKnownFileType = text.plist.xml; path = Info.plist; sourceTree = "<group>"; };
		4D76BBF4261EFF9400DBA561 /* MedsAppUITests.xctest */ = {isa = PBXFileReference; explicitFileType = wrapper.cfbundle; includeInIndex = 0; path = MedsAppUITests.xctest; sourceTree = BUILT_PRODUCTS_DIR; };
		4D76BBF8261EFF9400DBA561 /* MedsAppUITests.swift */ = {isa = PBXFileReference; lastKnownFileType = sourcecode.swift; path = MedsAppUITests.swift; sourceTree = "<group>"; };
		4D76BBFA261EFF9400DBA561 /* Info.plist */ = {isa = PBXFileReference; lastKnownFileType = text.plist.xml; path = Info.plist; sourceTree = "<group>"; };
/* End PBXFileReference section */

/* Begin PBXFrameworksBuildPhase section */
		4D76BBD5261EFF9000DBA561 /* Frameworks */ = {
			isa = PBXFrameworksBuildPhase;
			buildActionMask = 2147483647;
			files = (
			);
			runOnlyForDeploymentPostprocessing = 0;
		};
		4D76BBE6261EFF9300DBA561 /* Frameworks */ = {
			isa = PBXFrameworksBuildPhase;
			buildActionMask = 2147483647;
			files = (
			);
			runOnlyForDeploymentPostprocessing = 0;
		};
		4D76BBF1261EFF9400DBA561 /* Frameworks */ = {
			isa = PBXFrameworksBuildPhase;
			buildActionMask = 2147483647;
			files = (
			);
			runOnlyForDeploymentPostprocessing = 0;
		};
/* End PBXFrameworksBuildPhase section */

/* Begin PBXGroup section */
		4D76BBCF261EFF9000DBA561 = {
			isa = PBXGroup;
			children = (
				4D76BBDA261EFF9000DBA561 /* MedsApp */,
				4D76BBEC261EFF9300DBA561 /* MedsAppTests */,
				4D76BBF7261EFF9400DBA561 /* MedsAppUITests */,
				4D76BBD9261EFF9000DBA561 /* Products */,
			);
			sourceTree = "<group>";
		};
		4D76BBD9261EFF9000DBA561 /* Products */ = {
			isa = PBXGroup;
			children = (
				4D76BBD8261EFF9000DBA561 /* MedsApp.app */,
				4D76BBE9261EFF9300DBA561 /* MedsAppTests.xctest */,
				4D76BBF4261EFF9400DBA561 /* MedsAppUITests.xctest */,
			);
			name = Products;
			sourceTree = "<group>";
		};
		4D76BBDA261EFF9000DBA561 /* MedsApp */ = {
			isa = PBXGroup;
			children = (
				4D76BBDB261EFF9000DBA561 /* MedsAppApp.swift */,
				4D76BBDD261EFF9000DBA561 /* ContentView.swift */,
				4D76BBDF261EFF9300DBA561 /* Assets.xcassets */,
				4D76BBE4261EFF9300DBA561 /* Info.plist */,
				4D76BBE1261EFF9300DBA561 /* Preview Content */,
			);
			path = MedsApp;
			sourceTree = "<group>";
		};
		4D76BBE1261EFF9300DBA561 /* Preview Content */ = {
			isa = PBXGroup;
			children = (
				4D76BBE2261EFF9300DBA561 /* Preview Assets.xcassets */,
			);
			path = "Preview Content";
			sourceTree = "<group>";
		};
		4D76BBEC261EFF9300DBA561 /* MedsAppTests */ = {
			isa = PBXGroup;
			children = (
				4D76BBED261EFF9300DBA561 /* MedsAppTests.swift */,
				4D76BBEF261EFF9300DBA561 /* Info.plist */,
			);
			path = MedsAppTests;
			sourceTree = "<group>";
		};
		4D76BBF7261EFF9400DBA561 /* MedsAppUITests */ = {
			isa = PBXGroup;
			children = (
				4D76BBF8261EFF9400DBA561 /* MedsAppUITests.swift */,
				4D76BBFA261EFF9400DBA561 /* Info.plist */,
			);
			path = MedsAppUITests;
			sourceTree = "<group>";
		};
/* End PBXGroup section */

/* Begin PBXNativeTarget section */
		4D76BBD7261EFF9000DBA561 /* MedsApp */ = {
			isa = PBXNativeTarget;
			buildConfigurationList = 4D76BBFD261EFF9400DBA561 /* Build configuration list for PBXNativeTarget "MedsApp" */;
			buildPhases = (
				4D76BBD4261EFF9000DBA561 /* Sources */,
				4D76BBD5261EFF9000DBA561 /* Frameworks */,
				4D76BBD6261EFF9000DBA561 /* Resources */,
			);
			buildRules = (
			);
			dependencies = (
			);
			name = MedsApp;
			productName = MedsApp;
			productReference = 4D76BBD8261EFF9000DBA561 /* MedsApp.app */;
			productType = "com.apple.product-type.application";
		};
		4D76BBE8261EFF9300DBA561 /* MedsAppTests */ = {
			isa = PBXNativeTarget;
			buildConfigurationList = 4D76BC00261EFF9400DBA561 /* Build configuration list for PBXNativeTarget "MedsAppTests" */;
			buildPhases = (
				4D76BBE5261EFF9300DBA561 /* Sources */,
				4D76BBE6261EFF9300DBA561 /* Frameworks */,
				4D76BBE7261EFF9300DBA561 /* Resources */,
			);
			buildRules = (
			);
			dependencies = (
				4D76BBEB261EFF9300DBA561 /* PBXTargetDependency */,
			);
			name = MedsAppTests;
			productName = MedsAppTests;
			productReference = 4D76BBE9261EFF9300DBA561 /* MedsAppTests.xctest */;
			productType = "com.apple.product-type.bundle.unit-test";
		};
		4D76BBF3261EFF9400DBA561 /* MedsAppUITests */ = {
			isa = PBXNativeTarget;
			buildConfigurationList = 4D76BC03261EFF9400DBA561 /* Build configuration list for PBXNativeTarget "MedsAppUITests" */;
			buildPhases = (
				4D76BBF0261EFF9400DBA561 /* Sources */,
				4D76BBF1261EFF9400DBA561 /* Frameworks */,
				4D76BBF2261EFF9400DBA561 /* Resources */,
			);
			buildRules = (
			);
			dependencies = (
				4D76BBF6261EFF9400DBA561 /* PBXTargetDependency */,
			);
			name = MedsAppUITests;
			productName = MedsAppUITests;
			productReference = 4D76BBF4261EFF9400DBA561 /* MedsAppUITests.xctest */;
			productType = "com.apple.product-type.bundle.ui-testing";
		};
/* End PBXNativeTarget section */

/* Begin PBXProject section */
		4D76BBD0261EFF9000DBA561 /* Project object */ = {
			isa = PBXProject;
			attributes = {
				LastSwiftUpdateCheck = 1240;
				LastUpgradeCheck = 1240;
				TargetAttributes = {
					4D76BBD7261EFF9000DBA561 = {
						CreatedOnToolsVersion = 12.4;
					};
					4D76BBE8261EFF9300DBA561 = {
						CreatedOnToolsVersion = 12.4;
						TestTargetID = 4D76BBD7261EFF9000DBA561;
					};
					4D76BBF3261EFF9400DBA561 = {
						CreatedOnToolsVersion = 12.4;
						TestTargetID = 4D76BBD7261EFF9000DBA561;
					};
				};
			};
			buildConfigurationList = 4D76BBD3261EFF9000DBA561 /* Build configuration list for PBXProject "MedsApp" */;
			compatibilityVersion = "Xcode 9.3";
			developmentRegion = en;
			hasScannedForEncodings = 0;
			knownRegions = (
				en,
				Base,
			);
			mainGroup = 4D76BBCF261EFF9000DBA561;
			productRefGroup = 4D76BBD9261EFF9000DBA561 /* Products */;
			projectDirPath = "";
			projectRoot = "";
			targets = (
				4D76BBD7261EFF9000DBA561 /* MedsApp */,
				4D76BBE8261EFF9300DBA561 /* MedsAppTests */,
				4D76BBF3261EFF9400DBA561 /* MedsAppUITests */,
			);
		};
/* End PBXProject section */

/* Begin PBXResourcesBuildPhase section */
		4D76BBD6261EFF9000DBA561 /* Resources */ = {
			isa = PBXResourcesBuildPhase;
			buildActionMask = 2147483647;
			files = (
				4D76BBE3261EFF9300DBA561 /* Preview Assets.xcassets in Resources */,
				4D76BBE0261EFF9300DBA561 /* Assets.xcassets in Resources */,
			);
			runOnlyForDeploymentPostprocessing = 0;
		};
		4D76BBE7261EFF9300DBA561 /* Resources */ = {
			isa = PBXResourcesBuildPhase;
			buildActionMask = 2147483647;
			files = (
			);
			runOnlyForDeploymentPostprocessing = 0;
		};
		4D76BBF2261EFF9400DBA561 /* Resources */ = {
			isa = PBXResourcesBuildPhase;
			buildActionMask = 2147483647;
			files = (
			);
			runOnlyForDeploymentPostprocessing = 0;
		};
/* End PBXResourcesBuildPhase section */

/* Begin PBXSourcesBuildPhase section */
		4D76BBD4261EFF9000DBA561 /* Sources */ = {
			isa = PBXSourcesBuildPhase;
			buildActionMask = 2147483647;
			files = (
				4D76BBDE261EFF9000DBA561 /* ContentView.swift in Sources */,
				4D76BBDC261EFF9000DBA561 /* MedsAppApp.swift in Sources */,
			);
			runOnlyForDeploymentPostprocessing = 0;
		};
		4D76BBE5261EFF9300DBA561 /* Sources */ = {
			isa = PBXSourcesBuildPhase;
			buildActionMask = 2147483647;
			files = (
				4D76BBEE261EFF9300DBA561 /* MedsAppTests.swift in Sources */,
			);
			runOnlyForDeploymentPostprocessing = 0;
		};
		4D76BBF0261EFF9400DBA561 /* Sources */ = {
			isa = PBXSourcesBuildPhase;
			buildActionMask = 2147483647;
			files = (
				4D76BBF9261EFF9400DBA561 /* MedsAppUITests.swift in Sources */,
			);
			runOnlyForDeploymentPostprocessing = 0;
		};
/* End PBXSourcesBuildPhase section */

/* Begin PBXTargetDependency section */
		4D76BBEB261EFF9300DBA561 /* PBXTargetDependency */ = {
			isa = PBXTargetDependency;
			target = 4D76BBD7261EFF9000DBA561 /* MedsApp */;
			targetProxy = 4D76BBEA261EFF9300DBA561 /* PBXContainerItemProxy */;
		};
		4D76BBF6261EFF9400DBA561 /* PBXTargetDependency */ = {
			isa = PBXTargetDependency;
			target = 4D76BBD7261EFF9000DBA561 /* MedsApp */;
			targetProxy = 4D76BBF5261EFF9400DBA561 /* PBXContainerItemProxy */;
		};
/* End PBXTargetDependency section */

/* Begin XCBuildConfiguration section */
		4D76BBFB261EFF9400DBA561 /* Debug */ = {
			isa = XCBuildConfiguration;
			buildSettings = {
				ALWAYS_SEARCH_USER_PATHS = NO;
				CLANG_ANALYZER_NONNULL = YES;
				CLANG_ANALYZER_NUMBER_OBJECT_CONVERSION = YES_AGGRESSIVE;
				CLANG_CXX_LANGUAGE_STANDARD = "gnu++14";
				CLANG_CXX_LIBRARY = "libc++";
				CLANG_ENABLE_MODULES = YES;
				CLANG_ENABLE_OBJC_ARC = YES;
				CLANG_ENABLE_OBJC_WEAK = YES;
				CLANG_WARN_BLOCK_CAPTURE_AUTORELEASING = YES;
				CLANG_WARN_BOOL_CONVERSION = YES;
				CLANG_WARN_COMMA = YES;
				CLANG_WARN_CONSTANT_CONVERSION = YES;
				CLANG_WARN_DEPRECATED_OBJC_IMPLEMENTATIONS = YES;
				CLANG_WARN_DIRECT_OBJC_ISA_USAGE = YES_ERROR;
				CLANG_WARN_DOCUMENTATION_COMMENTS = YES;
				CLANG_WARN_EMPTY_BODY = YES;
				CLANG_WARN_ENUM_CONVERSION = YES;
				CLANG_WARN_INFINITE_RECURSION = YES;
				CLANG_WARN_INT_CONVERSION = YES;
				CLANG_WARN_NON_LITERAL_NULL_CONVERSION = YES;
				CLANG_WARN_OBJC_IMPLICIT_RETAIN_SELF = YES;
				CLANG_WARN_OBJC_LITERAL_CONVERSION = YES;
				CLANG_WARN_OBJC_ROOT_CLASS = YES_ERROR;
				CLANG_WARN_QUOTED_INCLUDE_IN_FRAMEWORK_HEADER = YES;
				CLANG_WARN_RANGE_LOOP_ANALYSIS = YES;
				CLANG_WARN_STRICT_PROTOTYPES = YES;
				CLANG_WARN_SUSPICIOUS_MOVE = YES;
				CLANG_WARN_UNGUARDED_AVAILABILITY = YES_AGGRESSIVE;
				CLANG_WARN_UNREACHABLE_CODE = YES;
				CLANG_WARN__DUPLICATE_METHOD_MATCH = YES;
				COPY_PHASE_STRIP = NO;
				DEBUG_INFORMATION_FORMAT = dwarf;
				ENABLE_STRICT_OBJC_MSGSEND = YES;
				ENABLE_TESTABILITY = YES;
				GCC_C_LANGUAGE_STANDARD = gnu11;
				GCC_DYNAMIC_NO_PIC = NO;
				GCC_NO_COMMON_BLOCKS = YES;
				GCC_OPTIMIZATION_LEVEL = 0;
				GCC_PREPROCESSOR_DEFINITIONS = (
					"DEBUG=1",
					"$(inherited)",
				);
				GCC_WARN_64_TO_32_BIT_CONVERSION = YES;
				GCC_WARN_ABOUT_RETURN_TYPE = YES_ERROR;
				GCC_WARN_UNDECLARED_SELECTOR = YES;
				GCC_WARN_UNINITIALIZED_AUTOS = YES_AGGRESSIVE;
				GCC_WARN_UNUSED_FUNCTION = YES;
				GCC_WARN_UNUSED_VARIABLE = YES;
				IPHONEOS_DEPLOYMENT_TARGET = 14.4;
				MTL_ENABLE_DEBUG_INFO = INCLUDE_SOURCE;
				MTL_FAST_MATH = YES;
				ONLY_ACTIVE_ARCH = YES;
				SDKROOT = iphoneos;
				SWIFT_ACTIVE_COMPILATION_CONDITIONS = DEBUG;
				SWIFT_OPTIMIZATION_LEVEL = "-Onone";
			};
			name = Debug;
		};
		4D76BBFC261EFF9400DBA561 /* Release */ = {
			isa = XCBuildConfiguration;
			buildSettings = {
				ALWAYS_SEARCH_USER_PATHS = NO;
				CLANG_ANALYZER_NONNULL = YES;
				CLANG_ANALYZER_NUMBER_OBJECT_CONVERSION = YES_AGGRESSIVE;
				CLANG_CXX_LANGUAGE_STANDARD = "gnu++14";
				CLANG_CXX_LIBRARY = "libc++";
				CLANG_ENABLE_MODULES = YES;
				CLANG_ENABLE_OBJC_ARC = YES;
				CLANG_ENABLE_OBJC_WEAK = YES;
				CLANG_WARN_BLOCK_CAPTURE_AUTORELEASING = YES;
				CLANG_WARN_BOOL_CONVERSION = YES;
				CLANG_WARN_COMMA = YES;
				CLANG_WARN_CONSTANT_CONVERSION = YES;
				CLANG_WARN_DEPRECATED_OBJC_IMPLEMENTATIONS = YES;
				CLANG_WARN_DIRECT_OBJC_ISA_USAGE = YES_ERROR;
				CLANG_WARN_DOCUMENTATION_COMMENTS = YES;
				CLANG_WARN_EMPTY_BODY = YES;
				CLANG_WARN_ENUM_CONVERSION = YES;
				CLANG_WARN_INFINITE_RECURSION = YES;
				CLANG_WARN_INT_CONVERSION = YES;
				CLANG_WARN_NON_LITERAL_NULL_CONVERSION = YES;
				CLANG_WARN_OBJC_IMPLICIT_RETAIN_SELF = YES;
				CLANG_WARN_OBJC_LITERAL_CONVERSION = YES;
				CLANG_WARN_OBJC_ROOT_CLASS = YES_ERROR;
				CLANG_WARN_QUOTED_INCLUDE_IN_FRAMEWORK_HEADER = YES;
				CLANG_WARN_RANGE_LOOP_ANALYSIS = YES;
				CLANG_WARN_STRICT_PROTOTYPES = YES;
				CLANG_WARN_SUSPICIOUS_MOVE = YES;
				CLANG_WARN_UNGUARDED_AVAILABILITY = YES_AGGRESSIVE;
				CLANG_WARN_UNREACHABLE_CODE = YES;
				CLANG_WARN__DUPLICATE_METHOD_MATCH = YES;
				COPY_PHASE_STRIP = NO;
				DEBUG_INFORMATION_FORMAT = "dwarf-with-dsym";
				ENABLE_NS_ASSERTIONS = NO;
				ENABLE_STRICT_OBJC_MSGSEND = YES;
				GCC_C_LANGUAGE_STANDARD = gnu11;
				GCC_NO_COMMON_BLOCKS = YES;
				GCC_WARN_64_TO_32_BIT_CONVERSION = YES;
				GCC_WARN_ABOUT_RETURN_TYPE = YES_ERROR;
				GCC_WARN_UNDECLARED_SELECTOR = YES;
				GCC_WARN_UNINITIALIZED_AUTOS = YES_AGGRESSIVE;
				GCC_WARN_UNUSED_FUNCTION = YES;
				GCC_WARN_UNUSED_VARIABLE = YES;
				IPHONEOS_DEPLOYMENT_TARGET = 14.4;
				MTL_ENABLE_DEBUG_INFO = NO;
				MTL_FAST_MATH = YES;
				SDKROOT = iphoneos;
				SWIFT_COMPILATION_MODE = wholemodule;
				SWIFT_OPTIMIZATION_LEVEL = "-O";
				VALIDATE_PRODUCT = YES;
			};
			name = Release;
		};
		4D76BBFE261EFF9400DBA561 /* Debug */ = {
			isa = XCBuildConfiguration;
			buildSettings = {
				ASSETCATALOG_COMPILER_APPICON_NAME = AppIcon;
				ASSETCATALOG_COMPILER_GLOBAL_ACCENT_COLOR_NAME = AccentColor;
				CODE_SIGN_STYLE = Automatic;
				DEVELOPMENT_ASSET_PATHS = "\"MedsApp/Preview Content\"";
				ENABLE_PREVIEWS = YES;
				INFOPLIST_FILE = MedsApp/Info.plist;
				IPHONEOS_DEPLOYMENT_TARGET = 14.0;
				LD_RUNPATH_SEARCH_PATHS = (
					"$(inherited)",
					"@executable_path/Frameworks",
				);
				PRODUCT_BUNDLE_IDENTIFIER = work.MedsApp;
				PRODUCT_NAME = "$(TARGET_NAME)";
				SWIFT_VERSION = 5.0;
				TARGETED_DEVICE_FAMILY = "1,2";
			};
			name = Debug;
		};
		4D76BBFF261EFF9400DBA561 /* Release */ = {
			isa = XCBuildConfiguration;
			buildSettings = {
				ASSETCATALOG_COMPILER_APPICON_NAME = AppIcon;
				ASSETCATALOG_COMPILER_GLOBAL_ACCENT_COLOR_NAME = AccentColor;
				CODE_SIGN_STYLE = Automatic;
				DEVELOPMENT_ASSET_PATHS = "\"MedsApp/Preview Content\"";
				ENABLE_PREVIEWS = YES;
				INFOPLIST_FILE = MedsApp/Info.plist;
				IPHONEOS_DEPLOYMENT_TARGET = 14.0;
				LD_RUNPATH_SEARCH_PATHS = (
					"$(inherited)",
					"@executable_path/Frameworks",
				);
				PRODUCT_BUNDLE_IDENTIFIER = work.MedsApp;
				PRODUCT_NAME = "$(TARGET_NAME)";
				SWIFT_VERSION = 5.0;
				TARGETED_DEVICE_FAMILY = "1,2";
			};
			name = Release;
		};
		4D76BC01261EFF9400DBA561 /* Debug */ = {
			isa = XCBuildConfiguration;
			buildSettings = {
				ALWAYS_EMBED_SWIFT_STANDARD_LIBRARIES = YES;
				BUNDLE_LOADER = "$(TEST_HOST)";
				CODE_SIGN_STYLE = Automatic;
				INFOPLIST_FILE = MedsAppTests/Info.plist;
				IPHONEOS_DEPLOYMENT_TARGET = 14.0;
				LD_RUNPATH_SEARCH_PATHS = (
					"$(inherited)",
					"@executable_path/Frameworks",
					"@loader_path/Frameworks",
				);
				PRODUCT_BUNDLE_IDENTIFIER = work.MedsAppTests;
				PRODUCT_NAME = "$(TARGET_NAME)";
				SWIFT_VERSION = 5.0;
				TARGETED_DEVICE_FAMILY = "1,2";
				TEST_HOST = "$(BUILT_PRODUCTS_DIR)/MedsApp.app/MedsApp";
			};
			name = Debug;
		};
		4D76BC02261EFF9400DBA561 /* Release */ = {
			isa = XCBuildConfiguration;
			buildSettings = {
				ALWAYS_EMBED_SWIFT_STANDARD_LIBRARIES = YES;
				BUNDLE_LOADER = "$(TEST_HOST)";
				CODE_SIGN_STYLE = Automatic;
				INFOPLIST_FILE = MedsAppTests/Info.plist;
				IPHONEOS_DEPLOYMENT_TARGET = 14.0;
				LD_RUNPATH_SEARCH_PATHS = (
					"$(inherited)",
					"@executable_path/Frameworks",
					"@loader_path/Frameworks",
				);
				PRODUCT_BUNDLE_IDENTIFIER = work.MedsAppTests;
				PRODUCT_NAME = "$(TARGET_NAME)";
				SWIFT_VERSION = 5.0;
				TARGETED_DEVICE_FAMILY = "1,2";
				TEST_HOST = "$(BUILT_PRODUCTS_DIR)/MedsApp.app/MedsApp";
			};
			name = Release;
		};
		4D76BC04261EFF9400DBA561 /* Debug */ = {
			isa = XCBuildConfiguration;
			buildSettings = {
				ALWAYS_EMBED_SWIFT_STANDARD_LIBRARIES = YES;
				CODE_SIGN_STYLE = Automatic;
				INFOPLIST_FILE = MedsAppUITests/Info.plist;
				LD_RUNPATH_SEARCH_PATHS = (
					"$(inherited)",
					"@executable_path/Frameworks",
					"@loader_path/Frameworks",
				);
				PRODUCT_BUNDLE_IDENTIFIER = work.MedsAppUITests;
				PRODUCT_NAME = "$(TARGET_NAME)";
				SWIFT_VERSION = 5.0;
				TARGETED_DEVICE_FAMILY = "1,2";
				TEST_TARGET_NAME = MedsApp;
			};
			name = Debug;
		};
		4D76BC05261EFF9400DBA561 /* Release */ = {
			isa = XCBuildConfiguration;
			buildSettings = {
				ALWAYS_EMBED_SWIFT_STANDARD_LIBRARIES = YES;
				CODE_SIGN_STYLE = Automatic;
				INFOPLIST_FILE = MedsAppUITests/Info.plist;
				LD_RUNPATH_SEARCH_PATHS = (
					"$(inherited)",
					"@executable_path/Frameworks",
					"@loader_path/Frameworks",
				);
				PRODUCT_BUNDLE_IDENTIFIER = work.MedsAppUITests;
				PRODUCT_NAME = "$(TARGET_NAME)";
				SWIFT_VERSION = 5.0;
				TARGETED_DEVICE_FAMILY = "1,2";
				TEST_TARGET_NAME = MedsApp;
			};
			name = Release;
		};
/* End XCBuildConfiguration section */

/* Begin XCConfigurationList section */
		4D76BBD3261EFF9000DBA561 /* Build configuration list for PBXProject "MedsApp" */ = {
			isa = XCConfigurationList;
			buildConfigurations = (
				4D76BBFB261EFF9400DBA561 /* Debug */,
				4D76BBFC261EFF9400DBA561 /* Release */,
			);
			defaultConfigurationIsVisible = 0;
			defaultConfigurationName = Release;
		};
		4D76BBFD261EFF9400DBA561 /* Build configuration list for PBXNativeTarget "MedsApp" */ = {
			isa = XCConfigurationList;
			buildConfigurations = (
				4D76BBFE261EFF9400DBA561 /* Debug */,
				4D76BBFF261EFF9400DBA561 /* Release */,
			);
			defaultConfigurationIsVisible = 0;
			defaultConfigurationName = Release;
		};
		4D76BC00261EFF9400DBA561 /* Build configuration list for PBXNativeTarget "MedsAppTests" */ = {
			isa = XCConfigurationList;
			buildConfigurations = (
				4D76BC01261EFF9400DBA561 /* Debug */,
				4D76BC02261EFF9400DBA561 /* Release */,
			);
			defaultConfigurationIsVisible = 0;
			defaultConfigurationName = Release;
		};
		4D76BC03261EFF9400DBA561 /* Build configuration list for PBXNativeTarget "MedsAppUITests" */ = {
			isa = XCConfigurationList;
			buildConfigurations = (
				4D76BC04261EFF9400DBA561 /* Debug */,
				4D76BC05261EFF9400DBA561 /* Release */,
			);
			defaultConfigurationIsVisible = 0;
			defaultConfigurationName = Release;
		};
/* End XCConfigurationList section */
	};
	rootObject = 4D76BBD0261EFF9000DBA561 /* Project object */;
}
